<?xml version="1.0" encoding="utf-8"?>
<Project ToolsVersion="4.0" xmlns="http://schemas.microsoft.com/developer/msbuild/2003">
  <ItemGroup>
    <Filter Include="Include"><UniqueIdentifier>{377C1730-D30D-45FA-A1F0-18807368D0DE}</UniqueIdentifier></Filter>
    <Filter Include="Source"><UniqueIdentifier>{92BE8E0B-0DDF-4BBF-B2F2-C489F9831A28}</UniqueIdentifier></Filter>
    <Filter Include="Shared Runtime"><UniqueIdentifier>{36D1E2E2-D2EF-4BC7-AD8E-BDB7150322C7}</UniqueIdentifier></Filter>
  </ItemGroup>
  <ItemGroup>
    <ClInclude Include="Include\AegisIdTechUniversal.h"><Filter>Include</Filter></ClInclude>
    <ClInclude Include="Source\AegisEngineProfile.generated.h"><Filter>Source</Filter></ClInclude>
    <ClInclude Include="Common\AegisUniversalRuntime\Include\AegisUniversalRuntime.h"><Filter>Shared Runtime</Filter></ClInclude>
    <ClInclude Include="Common\AegisUniversalRuntime\Source\AegisUniversalRuntimeInternal.h"><Filter>Shared Runtime</Filter></ClInclude>
  </ItemGroup>
  <ItemGroup>
    <ClCompile Include="Source\IdTechAdapter.cpp"><Filter>Source</Filter></ClCompile>
    <ClCompile Include="Common\AegisUniversalRuntime\Source\AegisUniversalRuntime.cpp"><Filter>Shared Runtime</Filter></ClCompile>
    <ClCompile Include="Common\AegisUniversalRuntime\Source\dllmain.cpp"><Filter>Shared Runtime</Filter></ClCompile>
  </ItemGroup>
</Project>
